
Microsoft Visual Studio Solution File, Format Version 12.00
# Visual Studio Version 17
VisualStudioVersion = 17.11.35219.272
MinimumVisualStudioVersion = 10.0.40219.1
Project("{FAE04EC0-301F-11D3-BF4B-00C04F79EFBC}") = "AbFactory", "AbFactory\AbFactory.csproj", "{589598DB-8455-44A5-B756-44859B5E7830}"
EndProject
Global
	GlobalSection(SolutionConfigurationPlatforms) = preSolution
		Debug|Any CPU = Debug|Any CPU
		Release|Any CPU = Release|Any CPU
	EndGlobalSection
	GlobalSection(ProjectConfigurationPlatforms) = postSolution
		{589598DB-8455-44A5-B756-44859B5E7830}.Debug|Any CPU.ActiveCfg = Debug|Any CPU
		{589598DB-8455-44A5-B756-44859B5E7830}.Debug|Any CPU.Build.0 = Debug|Any CPU
		{589598DB-8455-44A5-B756-44859B5E7830}.Release|Any CPU.ActiveCfg = Release|Any CPU
		{589598DB-8455-44A5-B756-44859B5E7830}.Release|Any CPU.Build.0 = Release|Any CPU
	EndGlobalSection
	GlobalSection(SolutionProperties) = preSolution
		HideSolutionNode = FALSE
	EndGlobalSection
	GlobalSection(ExtensibilityGlobals) = postSolution
		SolutionGuid = {1E1A5F7C-A9DD-44A6-A32B-15541C3DBE35}
	EndGlobalSection
EndGlobal
