
Microsoft Visual Studio Solution File, Format Version 12.00
# Visual Studio Version 17
VisualStudioVersion = 17.11.35327.3
MinimumVisualStudioVersion = 10.0.40219.1
Project("{FAE04EC0-301F-11D3-BF4B-00C04F79EFBC}") = "SimulacionAeronaves", "SimulacionAeronaves\SimulacionAeronaves.csproj", "{BB69D9A2-B739-46A1-B683-D62AD1EDCC99}"
EndProject
Global
	GlobalSection(SolutionConfigurationPlatforms) = preSolution
		Debug|Any CPU = Debug|Any CPU
		Release|Any CPU = Release|Any CPU
	EndGlobalSection
	GlobalSection(ProjectConfigurationPlatforms) = postSolution
		{BB69D9A2-B739-46A1-B683-D62AD1EDCC99}.Debug|Any CPU.ActiveCfg = Debug|Any CPU
		{BB69D9A2-B739-46A1-B683-D62AD1EDCC99}.Debug|Any CPU.Build.0 = Debug|Any CPU
		{BB69D9A2-B739-46A1-B683-D62AD1EDCC99}.Release|Any CPU.ActiveCfg = Release|Any CPU
		{BB69D9A2-B739-46A1-B683-D62AD1EDCC99}.Release|Any CPU.Build.0 = Release|Any CPU
	EndGlobalSection
	GlobalSection(SolutionProperties) = preSolution
		HideSolutionNode = FALSE
	EndGlobalSection
	GlobalSection(ExtensibilityGlobals) = postSolution
		SolutionGuid = {A4309F71-E55B-4043-AFD3-90FAC27E5EF7}
	EndGlobalSection
EndGlobal
